
Microsoft Visual Studio Solution File, Format Version 12.00
# Visual Studio Version 16
VisualStudioVersion = 16.0.31729.503
MinimumVisualStudioVersion = 10.0.40219.1
Project("{FAE04EC0-301F-11D3-BF4B-00C04F79EFBC}") = "C300 project", "C300 project\C300 project.csproj", "{6F0CCF2F-35D3-4C72-B586-77F150A727FB}"
EndProject
Global
	GlobalSection(SolutionConfigurationPlatforms) = preSolution
		Debug|Any CPU = Debug|Any CPU
		Release|Any CPU = Release|Any CPU
	EndGlobalSection
	GlobalSection(ProjectConfigurationPlatforms) = postSolution
		{6F0CCF2F-35D3-4C72-B586-77F150A727FB}.Debug|Any CPU.ActiveCfg = Debug|Any CPU
		{6F0CCF2F-35D3-4C72-B586-77F150A727FB}.Debug|Any CPU.Build.0 = Debug|Any CPU
		{6F0CCF2F-35D3-4C72-B586-77F150A727FB}.Release|Any CPU.ActiveCfg = Release|Any CPU
		{6F0CCF2F-35D3-4C72-B586-77F150A727FB}.Release|Any CPU.Build.0 = Release|Any CPU
	EndGlobalSection
	GlobalSection(SolutionProperties) = preSolution
		HideSolutionNode = FALSE
	EndGlobalSection
	GlobalSection(ExtensibilityGlobals) = postSolution
		SolutionGuid = {6733A2D0-BA77-456B-870A-6192B7ED5D5C}
	EndGlobalSection
EndGlobal
